
Microsoft Visual Studio Solution File, Format Version 12.00
# Visual Studio Version 17
VisualStudioVersion = 17.7.34009.444
MinimumVisualStudioVersion = 10.0.40219.1
Project("{9A19103F-16F7-4668-BE54-9A1E7A4F7556}") = "Restaurant.API", "Services\Restaurants\Restaurant.API\Restaurant.API.csproj", "{EB82A991-231B-48EE-961F-9CF4519D0DAD}"
EndProject
Project("{9A19103F-16F7-4668-BE54-9A1E7A4F7556}") = "Basket.API", "Services\Basket\Basket.API\Basket.API.csproj", "{32ADAFA7-F5F9-46F3-8445-E81FEADDFE2B}"
EndProject
Project("{E53339B2-1760-4266-BCC7-CA923CBCF16C}") = "docker-compose", "docker-compose.dcproj", "{D82917BF-AD2F-4E0E-BB68-AB88309300F8}"
EndProject
Project("{FAE04EC0-301F-11D3-BF4B-00C04F79EFBC}") = "FoodOrdering.Domain", "Services\FoodOrdering\FoodOrdering.Domain\FoodOrdering.Domain.csproj", "{4309B796-1CAB-446E-903D-D0118713C5F0}"
EndProject
Project("{2150E333-8FDC-42A3-9474-1A3956D46DE8}") = "Services", "Services", "{0143AB02-1EF1-4DC1-AC02-BD9A8F018F3A}"
EndProject
Project("{2150E333-8FDC-42A3-9474-1A3956D46DE8}") = "FoodOrdering", "FoodOrdering", "{85F724EF-ADE0-4C12-842C-35809A534132}"
EndProject
Project("{FAE04EC0-301F-11D3-BF4B-00C04F79EFBC}") = "FoodOrdering.Application", "Services\FoodOrdering\FoodOrdering.Application\FoodOrdering.Application.csproj", "{4598B01C-511A-4ED8-8D51-7A111FD42D9E}"
EndProject
Project("{FAE04EC0-301F-11D3-BF4B-00C04F79EFBC}") = "FoodOrdering.API", "Services\FoodOrdering\FoodOrdering.API\FoodOrdering.API.csproj", "{02BE054C-DB18-4B6F-A139-6D7CA32654CF}"
EndProject
Project("{FAE04EC0-301F-11D3-BF4B-00C04F79EFBC}") = "FoodOrdering.Infrastructure", "Services\FoodOrdering\FoodOrdering.Infrastructure\FoodOrdering.Infrastructure.csproj", "{9260CCE9-1DC9-4EDE-B2F1-235F40E6DD2E}"
EndProject
Project("{2150E333-8FDC-42A3-9474-1A3956D46DE8}") = "Common", "Common", "{9B2DFC38-74B0-4F06-A907-5F2B17684D97}"
EndProject
Project("{FAE04EC0-301F-11D3-BF4B-00C04F79EFBC}") = "EventBus.Messages", "Common\EventBus.Messages\EventBus.Messages.csproj", "{F7670429-CEB9-491F-8510-58195F021A2F}"
EndProject
Global
	GlobalSection(SolutionConfigurationPlatforms) = preSolution
		Debug|Any CPU = Debug|Any CPU
		Release|Any CPU = Release|Any CPU
	EndGlobalSection
	GlobalSection(ProjectConfigurationPlatforms) = postSolution
		{EB82A991-231B-48EE-961F-9CF4519D0DAD}.Debug|Any CPU.ActiveCfg = Debug|Any CPU
		{EB82A991-231B-48EE-961F-9CF4519D0DAD}.Debug|Any CPU.Build.0 = Debug|Any CPU
		{EB82A991-231B-48EE-961F-9CF4519D0DAD}.Release|Any CPU.ActiveCfg = Release|Any CPU
		{EB82A991-231B-48EE-961F-9CF4519D0DAD}.Release|Any CPU.Build.0 = Release|Any CPU
		{32ADAFA7-F5F9-46F3-8445-E81FEADDFE2B}.Debug|Any CPU.ActiveCfg = Debug|Any CPU
		{32ADAFA7-F5F9-46F3-8445-E81FEADDFE2B}.Debug|Any CPU.Build.0 = Debug|Any CPU
		{32ADAFA7-F5F9-46F3-8445-E81FEADDFE2B}.Release|Any CPU.ActiveCfg = Release|Any CPU
		{32ADAFA7-F5F9-46F3-8445-E81FEADDFE2B}.Release|Any CPU.Build.0 = Release|Any CPU
		{4309B796-1CAB-446E-903D-D0118713C5F0}.Debug|Any CPU.ActiveCfg = Debug|Any CPU
		{4309B796-1CAB-446E-903D-D0118713C5F0}.Debug|Any CPU.Build.0 = Debug|Any CPU
		{4309B796-1CAB-446E-903D-D0118713C5F0}.Release|Any CPU.ActiveCfg = Release|Any CPU
		{4309B796-1CAB-446E-903D-D0118713C5F0}.Release|Any CPU.Build.0 = Release|Any CPU
		{4598B01C-511A-4ED8-8D51-7A111FD42D9E}.Debug|Any CPU.ActiveCfg = Debug|Any CPU
		{4598B01C-511A-4ED8-8D51-7A111FD42D9E}.Debug|Any CPU.Build.0 = Debug|Any CPU
		{4598B01C-511A-4ED8-8D51-7A111FD42D9E}.Release|Any CPU.ActiveCfg = Release|Any CPU
		{4598B01C-511A-4ED8-8D51-7A111FD42D9E}.Release|Any CPU.Build.0 = Release|Any CPU
		{02BE054C-DB18-4B6F-A139-6D7CA32654CF}.Debug|Any CPU.ActiveCfg = Debug|Any CPU
		{02BE054C-DB18-4B6F-A139-6D7CA32654CF}.Debug|Any CPU.Build.0 = Debug|Any CPU
		{02BE054C-DB18-4B6F-A139-6D7CA32654CF}.Release|Any CPU.ActiveCfg = Release|Any CPU
		{02BE054C-DB18-4B6F-A139-6D7CA32654CF}.Release|Any CPU.Build.0 = Release|Any CPU
		{9260CCE9-1DC9-4EDE-B2F1-235F40E6DD2E}.Debug|Any CPU.ActiveCfg = Debug|Any CPU
		{9260CCE9-1DC9-4EDE-B2F1-235F40E6DD2E}.Debug|Any CPU.Build.0 = Debug|Any CPU
		{9260CCE9-1DC9-4EDE-B2F1-235F40E6DD2E}.Release|Any CPU.ActiveCfg = Release|Any CPU
		{9260CCE9-1DC9-4EDE-B2F1-235F40E6DD2E}.Release|Any CPU.Build.0 = Release|Any CPU
		{D82917BF-AD2F-4E0E-BB68-AB88309300F8}.Debug|Any CPU.ActiveCfg = Debug|Any CPU
		{D82917BF-AD2F-4E0E-BB68-AB88309300F8}.Debug|Any CPU.Build.0 = Debug|Any CPU
		{D82917BF-AD2F-4E0E-BB68-AB88309300F8}.Release|Any CPU.ActiveCfg = Release|Any CPU
		{D82917BF-AD2F-4E0E-BB68-AB88309300F8}.Release|Any CPU.Build.0 = Release|Any CPU
		{F7670429-CEB9-491F-8510-58195F021A2F}.Debug|Any CPU.ActiveCfg = Debug|Any CPU
		{F7670429-CEB9-491F-8510-58195F021A2F}.Debug|Any CPU.Build.0 = Debug|Any CPU
		{F7670429-CEB9-491F-8510-58195F021A2F}.Release|Any CPU.ActiveCfg = Release|Any CPU
		{F7670429-CEB9-491F-8510-58195F021A2F}.Release|Any CPU.Build.0 = Release|Any CPU
	EndGlobalSection
	GlobalSection(SolutionProperties) = preSolution
		HideSolutionNode = FALSE
	EndGlobalSection
	GlobalSection(ExtensibilityGlobals) = postSolution
		SolutionGuid = {22EAEBEF-D6FD-4D2E-8E58-E4E4CE619B8F}
	EndGlobalSection
	GlobalSection(NestedProjects) = preSolution
		{85F724EF-ADE0-4C12-842C-35809A534132} = {0143AB02-1EF1-4DC1-AC02-BD9A8F018F3A}
		{4309B796-1CAB-446E-903D-D0118713C5F0} = {85F724EF-ADE0-4C12-842C-35809A534132}
		{4598B01C-511A-4ED8-8D51-7A111FD42D9E} = {85F724EF-ADE0-4C12-842C-35809A534132}
		{02BE054C-DB18-4B6F-A139-6D7CA32654CF} = {85F724EF-ADE0-4C12-842C-35809A534132}
		{9260CCE9-1DC9-4EDE-B2F1-235F40E6DD2E} = {85F724EF-ADE0-4C12-842C-35809A534132}
		{F7670429-CEB9-491F-8510-58195F021A2F} = {9B2DFC38-74B0-4F06-A907-5F2B17684D97}
	EndGlobalSection
EndGlobal
