
Microsoft Visual Studio Solution File, Format Version 12.00
# Visual Studio Version 17
VisualStudioVersion = 17.7.34009.444
MinimumVisualStudioVersion = 10.0.40219.1
Project("{9A19103F-16F7-4668-BE54-9A1E7A4F7556}") = "IdentityServer", "Security\IdentityServer\IdentityServer.csproj", "{AE915E16-6962-4865-801A-36D1466DC84A}"
EndProject
Project("{E53339B2-1760-4266-BCC7-CA923CBCF16C}") = "docker-compose", "docker-compose.dcproj", "{7B8F95F9-8733-4281-B242-50556B16C8C2}"
EndProject
Global
	GlobalSection(SolutionConfigurationPlatforms) = preSolution
		Debug|Any CPU = Debug|Any CPU
		Release|Any CPU = Release|Any CPU
	EndGlobalSection
	GlobalSection(ProjectConfigurationPlatforms) = postSolution
		{AE915E16-6962-4865-801A-36D1466DC84A}.Debug|Any CPU.ActiveCfg = Debug|Any CPU
		{AE915E16-6962-4865-801A-36D1466DC84A}.Debug|Any CPU.Build.0 = Debug|Any CPU
		{AE915E16-6962-4865-801A-36D1466DC84A}.Release|Any CPU.ActiveCfg = Release|Any CPU
		{AE915E16-6962-4865-801A-36D1466DC84A}.Release|Any CPU.Build.0 = Release|Any CPU
		{7B8F95F9-8733-4281-B242-50556B16C8C2}.Debug|Any CPU.ActiveCfg = Debug|Any CPU
		{7B8F95F9-8733-4281-B242-50556B16C8C2}.Debug|Any CPU.Build.0 = Debug|Any CPU
		{7B8F95F9-8733-4281-B242-50556B16C8C2}.Release|Any CPU.ActiveCfg = Release|Any CPU
		{7B8F95F9-8733-4281-B242-50556B16C8C2}.Release|Any CPU.Build.0 = Release|Any CPU
	EndGlobalSection
	GlobalSection(SolutionProperties) = preSolution
		HideSolutionNode = FALSE
	EndGlobalSection
	GlobalSection(ExtensibilityGlobals) = postSolution
		SolutionGuid = {22EAEBEF-D6FD-4D2E-8E58-E4E4CE619B8F}
	EndGlobalSection
EndGlobal
